
Microsoft Visual Studio Solution File, Format Version 12.00
# Visual Studio 15
VisualStudioVersion = 15.0.27004.2005
MinimumVisualStudioVersion = 10.0.40219.1
Project("{9A19103F-16F7-4668-BE54-9A1E7A4F7556}") = "SupportWheelOfFate.Lambda.AssignedEngineers", "src\SupportWheelOfFate.Lambda.AssignedEngineers\SupportWheelOfFate.Lambda.AssignedEngineers.csproj", "{657BFBA6-11DE-4E1F-A2BD-9B04FD81D0AF}"
EndProject
Project("{9A19103F-16F7-4668-BE54-9A1E7A4F7556}") = "SupportWheelOfFate.Lambda.AssignedEngineers.Tests", "test\SupportWheelOfFate.Lambda.AssignedEngineers.Tests\SupportWheelOfFate.Lambda.AssignedEngineers.Tests.csproj", "{3BEEC4E7-8A1A-4C5A-87D4-252D939D5DEC}"
EndProject
Project("{2150E333-8FDC-42A3-9474-1A3956D46DE8}") = "src", "src", "{3B77C112-26F4-423E-BC2E-13D39079CA46}"
EndProject
Project("{2150E333-8FDC-42A3-9474-1A3956D46DE8}") = "test", "test", "{58293130-1F52-4FB7-8DDF-F9BFF4D009C8}"
EndProject
Project("{9A19103F-16F7-4668-BE54-9A1E7A4F7556}") = "SupportWheelOfFate.Lambda.AlexaHandler", "src\SupportWheelOfFate.Lambda.AlexaHandler\SupportWheelOfFate.Lambda.AlexaHandler.csproj", "{B85FDFDC-845B-406A-A396-6888CEF728F5}"
EndProject
Project("{9A19103F-16F7-4668-BE54-9A1E7A4F7556}") = "SupportWheelOfFate.Lambda.AlexaHandler.Tests", "test\SupportWheelOfFate.Lambda.AlexaHandler.Tests\SupportWheelOfFate.Lambda.AlexaHandler.Tests.csproj", "{420E8EB2-880A-4240-BA32-098DE5945B1F}"
EndProject
Project("{2150E333-8FDC-42A3-9474-1A3956D46DE8}") = "speechAssets", "speechAssets", "{6D52B73E-245A-4FF2-9CA9-50D234811372}"
	ProjectSection(SolutionItems) = preProject
		speechAssets\model-en-GB.json = speechAssets\model-en-GB.json
	EndProjectSection
EndProject
Project("{9A19103F-16F7-4668-BE54-9A1E7A4F7556}") = "SupportWheelOfFate.Core", "src\SupportWheelOfFate.Core\SupportWheelOfFate.Core.csproj", "{08CF0839-AA1C-4204-B1F1-8F5B5B57A1F0}"
EndProject
Project("{FAE04EC0-301F-11D3-BF4B-00C04F79EFBC}") = "SupportWheelOfFate.Web", "src\SupportWheelOfFate.Web\SupportWheelOfFate.Web.csproj", "{5DF93018-56DB-4A99-8893-C59C59B86D49}"
EndProject
Global
	GlobalSection(SolutionConfigurationPlatforms) = preSolution
		Debug|Any CPU = Debug|Any CPU
		Release|Any CPU = Release|Any CPU
	EndGlobalSection
	GlobalSection(ProjectConfigurationPlatforms) = postSolution
		{657BFBA6-11DE-4E1F-A2BD-9B04FD81D0AF}.Debug|Any CPU.ActiveCfg = Debug|Any CPU
		{657BFBA6-11DE-4E1F-A2BD-9B04FD81D0AF}.Debug|Any CPU.Build.0 = Debug|Any CPU
		{657BFBA6-11DE-4E1F-A2BD-9B04FD81D0AF}.Release|Any CPU.ActiveCfg = Release|Any CPU
		{657BFBA6-11DE-4E1F-A2BD-9B04FD81D0AF}.Release|Any CPU.Build.0 = Release|Any CPU
		{3BEEC4E7-8A1A-4C5A-87D4-252D939D5DEC}.Debug|Any CPU.ActiveCfg = Debug|Any CPU
		{3BEEC4E7-8A1A-4C5A-87D4-252D939D5DEC}.Debug|Any CPU.Build.0 = Debug|Any CPU
		{3BEEC4E7-8A1A-4C5A-87D4-252D939D5DEC}.Release|Any CPU.ActiveCfg = Release|Any CPU
		{3BEEC4E7-8A1A-4C5A-87D4-252D939D5DEC}.Release|Any CPU.Build.0 = Release|Any CPU
		{B85FDFDC-845B-406A-A396-6888CEF728F5}.Debug|Any CPU.ActiveCfg = Debug|Any CPU
		{B85FDFDC-845B-406A-A396-6888CEF728F5}.Debug|Any CPU.Build.0 = Debug|Any CPU
		{B85FDFDC-845B-406A-A396-6888CEF728F5}.Release|Any CPU.ActiveCfg = Release|Any CPU
		{B85FDFDC-845B-406A-A396-6888CEF728F5}.Release|Any CPU.Build.0 = Release|Any CPU
		{420E8EB2-880A-4240-BA32-098DE5945B1F}.Debug|Any CPU.ActiveCfg = Debug|Any CPU
		{420E8EB2-880A-4240-BA32-098DE5945B1F}.Debug|Any CPU.Build.0 = Debug|Any CPU
		{420E8EB2-880A-4240-BA32-098DE5945B1F}.Release|Any CPU.ActiveCfg = Release|Any CPU
		{420E8EB2-880A-4240-BA32-098DE5945B1F}.Release|Any CPU.Build.0 = Release|Any CPU
		{08CF0839-AA1C-4204-B1F1-8F5B5B57A1F0}.Debug|Any CPU.ActiveCfg = Debug|Any CPU
		{08CF0839-AA1C-4204-B1F1-8F5B5B57A1F0}.Debug|Any CPU.Build.0 = Debug|Any CPU
		{08CF0839-AA1C-4204-B1F1-8F5B5B57A1F0}.Release|Any CPU.ActiveCfg = Release|Any CPU
		{08CF0839-AA1C-4204-B1F1-8F5B5B57A1F0}.Release|Any CPU.Build.0 = Release|Any CPU
		{5DF93018-56DB-4A99-8893-C59C59B86D49}.Debug|Any CPU.ActiveCfg = Debug|Any CPU
		{5DF93018-56DB-4A99-8893-C59C59B86D49}.Debug|Any CPU.Build.0 = Debug|Any CPU
		{5DF93018-56DB-4A99-8893-C59C59B86D49}.Release|Any CPU.ActiveCfg = Release|Any CPU
		{5DF93018-56DB-4A99-8893-C59C59B86D49}.Release|Any CPU.Build.0 = Release|Any CPU
	EndGlobalSection
	GlobalSection(SolutionProperties) = preSolution
		HideSolutionNode = FALSE
	EndGlobalSection
	GlobalSection(NestedProjects) = preSolution
		{657BFBA6-11DE-4E1F-A2BD-9B04FD81D0AF} = {3B77C112-26F4-423E-BC2E-13D39079CA46}
		{3BEEC4E7-8A1A-4C5A-87D4-252D939D5DEC} = {58293130-1F52-4FB7-8DDF-F9BFF4D009C8}
		{B85FDFDC-845B-406A-A396-6888CEF728F5} = {3B77C112-26F4-423E-BC2E-13D39079CA46}
		{420E8EB2-880A-4240-BA32-098DE5945B1F} = {58293130-1F52-4FB7-8DDF-F9BFF4D009C8}
		{08CF0839-AA1C-4204-B1F1-8F5B5B57A1F0} = {3B77C112-26F4-423E-BC2E-13D39079CA46}
		{5DF93018-56DB-4A99-8893-C59C59B86D49} = {3B77C112-26F4-423E-BC2E-13D39079CA46}
	EndGlobalSection
	GlobalSection(ExtensibilityGlobals) = postSolution
		SolutionGuid = {414E6AE6-18DE-4D5B-838E-F0AD2C2398AD}
	EndGlobalSection
EndGlobal
